
Microsoft Visual Studio Solution File, Format Version 12.00
# Visual Studio Version 18
VisualStudioVersion = 18.6.11828.311 oobstable
MinimumVisualStudioVersion = 10.0.40219.1
Project("{FAE04EC0-301F-11D3-BF4B-00C04F79EFBC}") = "NET 01. First Program (Main version)", "NET 01. First Program (Main version)\NET 01. First Program (Main version).csproj", "{58B8B98E-3724-4150-9EEA-A7CF0B50F85A}"
EndProject
Project("{2150E333-8FDC-42A3-9474-1A3956D46DE8}") = "NET 01", "NET 01", "{02EA681E-C7D8-13C7-8484-4AC65E1B71E8}"
EndProject
Project("{FAE04EC0-301F-11D3-BF4B-00C04F79EFBC}") = "NET 01. First Program (Top Level Statement)", "NET 01. First Program (Top Level Statement)\NET 01. First Program (Top Level Statement).csproj", "{C9FBF4F0-BBD5-41F8-9230-D28484B5185B}"
EndProject
Project("{FAE04EC0-301F-11D3-BF4B-00C04F79EFBC}") = "NET 01. Data Types", "NET 01. Data Types\NET 01. Data Types.csproj", "{16F2C679-D6A1-4DFE-A6FC-78F65C995687}"
EndProject
Project("{2150E333-8FDC-42A3-9474-1A3956D46DE8}") = "NET 02", "NET 02", "{389B09F6-ABE9-4B15-B9BB-4CE6B92FCA35}"
EndProject
Project("{FAE04EC0-301F-11D3-BF4B-00C04F79EFBC}") = "NET 02. Variables", "NET 02. Variables\NET 02. Variables.csproj", "{A705FD1D-3138-4CEF-8D70-D3736F98F3C2}"
EndProject
Project("{FAE04EC0-301F-11D3-BF4B-00C04F79EFBC}") = "NET 02. Input Output", "NET 02. Input Output\NET 02. Input Output.csproj", "{0235CA06-28D0-41CC-89CF-473643FB9D41}"
EndProject
Project("{FAE04EC0-301F-11D3-BF4B-00C04F79EFBC}") = "NET 02. TypeCasting", "NET 02. TypeCasting\NET 02. TypeCasting.csproj", "{F1FE86A0-8A86-4C4F-B809-DAD1A9671B41}"
EndProject
Project("{2150E333-8FDC-42A3-9474-1A3956D46DE8}") = "NET 03", "NET 03", "{39187A2F-FA18-42DF-9C41-CE708AFB4D2C}"
EndProject
Project("{FAE04EC0-301F-11D3-BF4B-00C04F79EFBC}") = "NET 03. switch", "NET 03. switch\NET 03. switch.csproj", "{745D8410-4351-4FEC-9C31-9A1331DD17E8}"
EndProject
Project("{FAE04EC0-301F-11D3-BF4B-00C04F79EFBC}") = "NET 03. Arrays", "NET 03. Arrays\NET 03. Arrays.csproj", "{9F47FD5D-0798-4A2D-9F47-810EE33A4E51}"
EndProject
Project("{FAE04EC0-301F-11D3-BF4B-00C04F79EFBC}") = "NET 03. ranges, indicies", "NET 03. ranges, indicies\NET 03. ranges, indicies.csproj", "{375411DC-01F6-404D-B3D0-4B924848199C}"
EndProject
Project("{FAE04EC0-301F-11D3-BF4B-00C04F79EFBC}") = "NET 03. string", "NET 03. string\NET 03. string.csproj", "{A14B5976-DE6D-4AFC-A535-6576B0D41D72}"
EndProject
Project("{2150E333-8FDC-42A3-9474-1A3956D46DE8}") = "NET 04", "NET 04", "{9CB0EFC8-A633-4E49-A5D0-1E730174D6FA}"
EndProject
Project("{FAE04EC0-301F-11D3-BF4B-00C04F79EFBC}") = "NET 04. string vs StringBuilder", "NET 04. string vs StringBuilder\NET 04. string vs StringBuilder.csproj", "{5F100299-CECC-489D-81E0-A07E06E11A3E}"
EndProject
Project("{FAE04EC0-301F-11D3-BF4B-00C04F79EFBC}") = "NET 04. ref and out", "NET 04. ref and out\NET 04. ref and out.csproj", "{33C89463-1A02-409C-866F-7904FDCB0AF4}"
EndProject
Project("{FAE04EC0-301F-11D3-BF4B-00C04F79EFBC}") = "NET 04. struct", "NET 04. struct\NET 04. struct.csproj", "{7FB79EF8-87D7-4C42-AAF7-BC829B5920BF}"
EndProject
Project("{FAE04EC0-301F-11D3-BF4B-00C04F79EFBC}") = "NET 04. class, this, access modifiers", "NET 04. class, this, access modifiers\NET 04. class, this, access modifiers.csproj", "{7725723B-3730-4977-8741-127CA7A71D68}"
EndProject
Project("{2150E333-8FDC-42A3-9474-1A3956D46DE8}") = "NET 05", "NET 05", "{27BE82FC-510C-4602-97F9-133201033A44}"
EndProject
Project("{FAE04EC0-301F-11D3-BF4B-00C04F79EFBC}") = "NET 05. Partial", "NET 05. Partial\NET 05. Partial.csproj", "{CCC4FD94-8CEC-46A2-99E6-81A48F000C3E}"
EndProject
Project("{2150E333-8FDC-42A3-9474-1A3956D46DE8}") = "NET 06", "NET 06", "{A4CCCA70-C45A-4141-9AB6-E80EF65525C8}"
EndProject
Project("{FAE04EC0-301F-11D3-BF4B-00C04F79EFBC}") = "NET 06. Encapsulation", "NET 06. Encapsulation\NET 06. Encapsulation.csproj", "{C1F1FEA9-F15A-461E-B335-7238D89D8F6E}"
EndProject
Project("{FAE04EC0-301F-11D3-BF4B-00C04F79EFBC}") = "NET 06. Null conditional, Null coalesing, Nullable", "NET 06. Null conditional, Null coalesing, Nullable\NET 06. Null conditional, Null coalesing, Nullable.csproj", "{ABAA65A5-0B2D-45CC-99E7-DE50FC87912E}"
EndProject
Project("{FAE04EC0-301F-11D3-BF4B-00C04F79EFBC}") = "NET 06. tuple, Deconstruct", "NET 05. tuple, Deconstruct\NET 06. tuple, Deconstruct.csproj", "{098F435E-A74E-F99F-C087-0172EDA0A08F}"
EndProject
Project("{2150E333-8FDC-42A3-9474-1A3956D46DE8}") = "NET 07", "NET 07", "{53D497C1-44BB-43C2-A7E7-9DE6076C82AF}"
EndProject
Project("{FAE04EC0-301F-11D3-BF4B-00C04F79EFBC}") = "NET 07. Params", "NET 07. Params\NET 07. Params.csproj", "{34C316F8-7A4C-4E42-898B-C2ABC9F98D4E}"
EndProject
Project("{FAE04EC0-301F-11D3-BF4B-00C04F79EFBC}") = "NET 07. Operator overloading", "NET 07. Operator overloading\NET 07. Operator overloading.csproj", "{268BD363-3A39-4AE1-80D7-621A88273224}"
EndProject
Global
	GlobalSection(SolutionConfigurationPlatforms) = preSolution
		Debug|Any CPU = Debug|Any CPU
		Release|Any CPU = Release|Any CPU
	EndGlobalSection
	GlobalSection(ProjectConfigurationPlatforms) = postSolution
		{58B8B98E-3724-4150-9EEA-A7CF0B50F85A}.Debug|Any CPU.ActiveCfg = Debug|Any CPU
		{58B8B98E-3724-4150-9EEA-A7CF0B50F85A}.Debug|Any CPU.Build.0 = Debug|Any CPU
		{58B8B98E-3724-4150-9EEA-A7CF0B50F85A}.Release|Any CPU.ActiveCfg = Release|Any CPU
		{58B8B98E-3724-4150-9EEA-A7CF0B50F85A}.Release|Any CPU.Build.0 = Release|Any CPU
		{C9FBF4F0-BBD5-41F8-9230-D28484B5185B}.Debug|Any CPU.ActiveCfg = Debug|Any CPU
		{C9FBF4F0-BBD5-41F8-9230-D28484B5185B}.Debug|Any CPU.Build.0 = Debug|Any CPU
		{C9FBF4F0-BBD5-41F8-9230-D28484B5185B}.Release|Any CPU.ActiveCfg = Release|Any CPU
		{C9FBF4F0-BBD5-41F8-9230-D28484B5185B}.Release|Any CPU.Build.0 = Release|Any CPU
		{16F2C679-D6A1-4DFE-A6FC-78F65C995687}.Debug|Any CPU.ActiveCfg = Debug|Any CPU
		{16F2C679-D6A1-4DFE-A6FC-78F65C995687}.Debug|Any CPU.Build.0 = Debug|Any CPU
		{16F2C679-D6A1-4DFE-A6FC-78F65C995687}.Release|Any CPU.ActiveCfg = Release|Any CPU
		{16F2C679-D6A1-4DFE-A6FC-78F65C995687}.Release|Any CPU.Build.0 = Release|Any CPU
		{A705FD1D-3138-4CEF-8D70-D3736F98F3C2}.Debug|Any CPU.ActiveCfg = Debug|Any CPU
		{A705FD1D-3138-4CEF-8D70-D3736F98F3C2}.Debug|Any CPU.Build.0 = Debug|Any CPU
		{A705FD1D-3138-4CEF-8D70-D3736F98F3C2}.Release|Any CPU.ActiveCfg = Release|Any CPU
		{A705FD1D-3138-4CEF-8D70-D3736F98F3C2}.Release|Any CPU.Build.0 = Release|Any CPU
		{0235CA06-28D0-41CC-89CF-473643FB9D41}.Debug|Any CPU.ActiveCfg = Debug|Any CPU
		{0235CA06-28D0-41CC-89CF-473643FB9D41}.Debug|Any CPU.Build.0 = Debug|Any CPU
		{0235CA06-28D0-41CC-89CF-473643FB9D41}.Release|Any CPU.ActiveCfg = Release|Any CPU
		{0235CA06-28D0-41CC-89CF-473643FB9D41}.Release|Any CPU.Build.0 = Release|Any CPU
		{F1FE86A0-8A86-4C4F-B809-DAD1A9671B41}.Debug|Any CPU.ActiveCfg = Debug|Any CPU
		{F1FE86A0-8A86-4C4F-B809-DAD1A9671B41}.Debug|Any CPU.Build.0 = Debug|Any CPU
		{F1FE86A0-8A86-4C4F-B809-DAD1A9671B41}.Release|Any CPU.ActiveCfg = Release|Any CPU
		{F1FE86A0-8A86-4C4F-B809-DAD1A9671B41}.Release|Any CPU.Build.0 = Release|Any CPU
		{745D8410-4351-4FEC-9C31-9A1331DD17E8}.Debug|Any CPU.ActiveCfg = Debug|Any CPU
		{745D8410-4351-4FEC-9C31-9A1331DD17E8}.Debug|Any CPU.Build.0 = Debug|Any CPU
		{745D8410-4351-4FEC-9C31-9A1331DD17E8}.Release|Any CPU.ActiveCfg = Release|Any CPU
		{745D8410-4351-4FEC-9C31-9A1331DD17E8}.Release|Any CPU.Build.0 = Release|Any CPU
		{9F47FD5D-0798-4A2D-9F47-810EE33A4E51}.Debug|Any CPU.ActiveCfg = Debug|Any CPU
		{9F47FD5D-0798-4A2D-9F47-810EE33A4E51}.Debug|Any CPU.Build.0 = Debug|Any CPU
		{9F47FD5D-0798-4A2D-9F47-810EE33A4E51}.Release|Any CPU.ActiveCfg = Release|Any CPU
		{9F47FD5D-0798-4A2D-9F47-810EE33A4E51}.Release|Any CPU.Build.0 = Release|Any CPU
		{375411DC-01F6-404D-B3D0-4B924848199C}.Debug|Any CPU.ActiveCfg = Debug|Any CPU
		{375411DC-01F6-404D-B3D0-4B924848199C}.Debug|Any CPU.Build.0 = Debug|Any CPU
		{375411DC-01F6-404D-B3D0-4B924848199C}.Release|Any CPU.ActiveCfg = Release|Any CPU
		{375411DC-01F6-404D-B3D0-4B924848199C}.Release|Any CPU.Build.0 = Release|Any CPU
		{A14B5976-DE6D-4AFC-A535-6576B0D41D72}.Debug|Any CPU.ActiveCfg = Debug|Any CPU
		{A14B5976-DE6D-4AFC-A535-6576B0D41D72}.Debug|Any CPU.Build.0 = Debug|Any CPU
		{A14B5976-DE6D-4AFC-A535-6576B0D41D72}.Release|Any CPU.ActiveCfg = Release|Any CPU
		{A14B5976-DE6D-4AFC-A535-6576B0D41D72}.Release|Any CPU.Build.0 = Release|Any CPU
		{5F100299-CECC-489D-81E0-A07E06E11A3E}.Debug|Any CPU.ActiveCfg = Debug|Any CPU
		{5F100299-CECC-489D-81E0-A07E06E11A3E}.Debug|Any CPU.Build.0 = Debug|Any CPU
		{5F100299-CECC-489D-81E0-A07E06E11A3E}.Release|Any CPU.ActiveCfg = Release|Any CPU
		{5F100299-CECC-489D-81E0-A07E06E11A3E}.Release|Any CPU.Build.0 = Release|Any CPU
		{33C89463-1A02-409C-866F-7904FDCB0AF4}.Debug|Any CPU.ActiveCfg = Debug|Any CPU
		{33C89463-1A02-409C-866F-7904FDCB0AF4}.Debug|Any CPU.Build.0 = Debug|Any CPU
		{33C89463-1A02-409C-866F-7904FDCB0AF4}.Release|Any CPU.ActiveCfg = Release|Any CPU
		{33C89463-1A02-409C-866F-7904FDCB0AF4}.Release|Any CPU.Build.0 = Release|Any CPU
		{7FB79EF8-87D7-4C42-AAF7-BC829B5920BF}.Debug|Any CPU.ActiveCfg = Debug|Any CPU
		{7FB79EF8-87D7-4C42-AAF7-BC829B5920BF}.Debug|Any CPU.Build.0 = Debug|Any CPU
		{7FB79EF8-87D7-4C42-AAF7-BC829B5920BF}.Release|Any CPU.ActiveCfg = Release|Any CPU
		{7FB79EF8-87D7-4C42-AAF7-BC829B5920BF}.Release|Any CPU.Build.0 = Release|Any CPU
		{7725723B-3730-4977-8741-127CA7A71D68}.Debug|Any CPU.ActiveCfg = Debug|Any CPU
		{7725723B-3730-4977-8741-127CA7A71D68}.Debug|Any CPU.Build.0 = Debug|Any CPU
		{7725723B-3730-4977-8741-127CA7A71D68}.Release|Any CPU.ActiveCfg = Release|Any CPU
		{7725723B-3730-4977-8741-127CA7A71D68}.Release|Any CPU.Build.0 = Release|Any CPU
		{CCC4FD94-8CEC-46A2-99E6-81A48F000C3E}.Debug|Any CPU.ActiveCfg = Debug|Any CPU
		{CCC4FD94-8CEC-46A2-99E6-81A48F000C3E}.Debug|Any CPU.Build.0 = Debug|Any CPU
		{CCC4FD94-8CEC-46A2-99E6-81A48F000C3E}.Release|Any CPU.ActiveCfg = Release|Any CPU
		{CCC4FD94-8CEC-46A2-99E6-81A48F000C3E}.Release|Any CPU.Build.0 = Release|Any CPU
		{C1F1FEA9-F15A-461E-B335-7238D89D8F6E}.Debug|Any CPU.ActiveCfg = Debug|Any CPU
		{C1F1FEA9-F15A-461E-B335-7238D89D8F6E}.Debug|Any CPU.Build.0 = Debug|Any CPU
		{C1F1FEA9-F15A-461E-B335-7238D89D8F6E}.Release|Any CPU.ActiveCfg = Release|Any CPU
		{C1F1FEA9-F15A-461E-B335-7238D89D8F6E}.Release|Any CPU.Build.0 = Release|Any CPU
		{ABAA65A5-0B2D-45CC-99E7-DE50FC87912E}.Debug|Any CPU.ActiveCfg = Debug|Any CPU
		{ABAA65A5-0B2D-45CC-99E7-DE50FC87912E}.Debug|Any CPU.Build.0 = Debug|Any CPU
		{ABAA65A5-0B2D-45CC-99E7-DE50FC87912E}.Release|Any CPU.ActiveCfg = Release|Any CPU
		{ABAA65A5-0B2D-45CC-99E7-DE50FC87912E}.Release|Any CPU.Build.0 = Release|Any CPU
		{098F435E-A74E-F99F-C087-0172EDA0A08F}.Debug|Any CPU.ActiveCfg = Debug|Any CPU
		{098F435E-A74E-F99F-C087-0172EDA0A08F}.Debug|Any CPU.Build.0 = Debug|Any CPU
		{098F435E-A74E-F99F-C087-0172EDA0A08F}.Release|Any CPU.ActiveCfg = Release|Any CPU
		{098F435E-A74E-F99F-C087-0172EDA0A08F}.Release|Any CPU.Build.0 = Release|Any CPU
		{34C316F8-7A4C-4E42-898B-C2ABC9F98D4E}.Debug|Any CPU.ActiveCfg = Debug|Any CPU
		{34C316F8-7A4C-4E42-898B-C2ABC9F98D4E}.Debug|Any CPU.Build.0 = Debug|Any CPU
		{34C316F8-7A4C-4E42-898B-C2ABC9F98D4E}.Release|Any CPU.ActiveCfg = Release|Any CPU
		{34C316F8-7A4C-4E42-898B-C2ABC9F98D4E}.Release|Any CPU.Build.0 = Release|Any CPU
		{268BD363-3A39-4AE1-80D7-621A88273224}.Debug|Any CPU.ActiveCfg = Debug|Any CPU
		{268BD363-3A39-4AE1-80D7-621A88273224}.Debug|Any CPU.Build.0 = Debug|Any CPU
		{268BD363-3A39-4AE1-80D7-621A88273224}.Release|Any CPU.ActiveCfg = Release|Any CPU
		{268BD363-3A39-4AE1-80D7-621A88273224}.Release|Any CPU.Build.0 = Release|Any CPU
	EndGlobalSection
	GlobalSection(SolutionProperties) = preSolution
		HideSolutionNode = FALSE
	EndGlobalSection
	GlobalSection(NestedProjects) = preSolution
		{58B8B98E-3724-4150-9EEA-A7CF0B50F85A} = {02EA681E-C7D8-13C7-8484-4AC65E1B71E8}
		{C9FBF4F0-BBD5-41F8-9230-D28484B5185B} = {02EA681E-C7D8-13C7-8484-4AC65E1B71E8}
		{16F2C679-D6A1-4DFE-A6FC-78F65C995687} = {02EA681E-C7D8-13C7-8484-4AC65E1B71E8}
		{A705FD1D-3138-4CEF-8D70-D3736F98F3C2} = {389B09F6-ABE9-4B15-B9BB-4CE6B92FCA35}
		{0235CA06-28D0-41CC-89CF-473643FB9D41} = {389B09F6-ABE9-4B15-B9BB-4CE6B92FCA35}
		{F1FE86A0-8A86-4C4F-B809-DAD1A9671B41} = {389B09F6-ABE9-4B15-B9BB-4CE6B92FCA35}
		{745D8410-4351-4FEC-9C31-9A1331DD17E8} = {39187A2F-FA18-42DF-9C41-CE708AFB4D2C}
		{9F47FD5D-0798-4A2D-9F47-810EE33A4E51} = {39187A2F-FA18-42DF-9C41-CE708AFB4D2C}
		{375411DC-01F6-404D-B3D0-4B924848199C} = {39187A2F-FA18-42DF-9C41-CE708AFB4D2C}
		{A14B5976-DE6D-4AFC-A535-6576B0D41D72} = {39187A2F-FA18-42DF-9C41-CE708AFB4D2C}
		{5F100299-CECC-489D-81E0-A07E06E11A3E} = {9CB0EFC8-A633-4E49-A5D0-1E730174D6FA}
		{33C89463-1A02-409C-866F-7904FDCB0AF4} = {9CB0EFC8-A633-4E49-A5D0-1E730174D6FA}
		{7FB79EF8-87D7-4C42-AAF7-BC829B5920BF} = {9CB0EFC8-A633-4E49-A5D0-1E730174D6FA}
		{7725723B-3730-4977-8741-127CA7A71D68} = {9CB0EFC8-A633-4E49-A5D0-1E730174D6FA}
		{CCC4FD94-8CEC-46A2-99E6-81A48F000C3E} = {27BE82FC-510C-4602-97F9-133201033A44}
		{C1F1FEA9-F15A-461E-B335-7238D89D8F6E} = {A4CCCA70-C45A-4141-9AB6-E80EF65525C8}
		{ABAA65A5-0B2D-45CC-99E7-DE50FC87912E} = {A4CCCA70-C45A-4141-9AB6-E80EF65525C8}
		{098F435E-A74E-F99F-C087-0172EDA0A08F} = {A4CCCA70-C45A-4141-9AB6-E80EF65525C8}
		{34C316F8-7A4C-4E42-898B-C2ABC9F98D4E} = {53D497C1-44BB-43C2-A7E7-9DE6076C82AF}
		{268BD363-3A39-4AE1-80D7-621A88273224} = {53D497C1-44BB-43C2-A7E7-9DE6076C82AF}
	EndGlobalSection
	GlobalSection(ExtensibilityGlobals) = postSolution
		SolutionGuid = {B6EE542D-37EA-4B1C-BC21-74040840B8EF}
	EndGlobalSection
EndGlobal
