
Microsoft Visual Studio Solution File, Format Version 12.00
# Visual Studio Version 17
VisualStudioVersion = 17.13.35825.156
MinimumVisualStudioVersion = 10.0.40219.1
Project("{FAE04EC0-301F-11D3-BF4B-00C04F79EFBC}") = "NET 01. First Program (Main version)", "NET 01. First Program (Main version)\NET 01. First Program (Main version).csproj", "{58B8B98E-3724-4150-9EEA-A7CF0B50F85A}"
EndProject
Project("{2150E333-8FDC-42A3-9474-1A3956D46DE8}") = "NET 01", "NET 01", "{02EA681E-C7D8-13C7-8484-4AC65E1B71E8}"
EndProject
Project("{FAE04EC0-301F-11D3-BF4B-00C04F79EFBC}") = "NET 01. First Program (Top Level Statement)", "NET 01. First Program (Top Level Statement)\NET 01. First Program (Top Level Statement).csproj", "{C9FBF4F0-BBD5-41F8-9230-D28484B5185B}"
EndProject
Project("{FAE04EC0-301F-11D3-BF4B-00C04F79EFBC}") = "NET 01. Data Types", "NET 01. Data Types\NET 01. Data Types.csproj", "{16F2C679-D6A1-4DFE-A6FC-78F65C995687}"
EndProject
Project("{2150E333-8FDC-42A3-9474-1A3956D46DE8}") = "NET 02", "NET 02", "{389B09F6-ABE9-4B15-B9BB-4CE6B92FCA35}"
EndProject
Project("{FAE04EC0-301F-11D3-BF4B-00C04F79EFBC}") = "NET 02. Variables", "NET 02. Variables\NET 02. Variables.csproj", "{A705FD1D-3138-4CEF-8D70-D3736F98F3C2}"
EndProject
Project("{FAE04EC0-301F-11D3-BF4B-00C04F79EFBC}") = "NET 02. Input Output", "NET 02. Input Output\NET 02. Input Output.csproj", "{0235CA06-28D0-41CC-89CF-473643FB9D41}"
EndProject
Project("{FAE04EC0-301F-11D3-BF4B-00C04F79EFBC}") = "NET 02. TypeCasting", "NET 02. TypeCasting\NET 02. TypeCasting.csproj", "{F1FE86A0-8A86-4C4F-B809-DAD1A9671B41}"
EndProject
Global
	GlobalSection(SolutionConfigurationPlatforms) = preSolution
		Debug|Any CPU = Debug|Any CPU
		Release|Any CPU = Release|Any CPU
	EndGlobalSection
	GlobalSection(ProjectConfigurationPlatforms) = postSolution
		{58B8B98E-3724-4150-9EEA-A7CF0B50F85A}.Debug|Any CPU.ActiveCfg = Debug|Any CPU
		{58B8B98E-3724-4150-9EEA-A7CF0B50F85A}.Debug|Any CPU.Build.0 = Debug|Any CPU
		{58B8B98E-3724-4150-9EEA-A7CF0B50F85A}.Release|Any CPU.ActiveCfg = Release|Any CPU
		{58B8B98E-3724-4150-9EEA-A7CF0B50F85A}.Release|Any CPU.Build.0 = Release|Any CPU
		{C9FBF4F0-BBD5-41F8-9230-D28484B5185B}.Debug|Any CPU.ActiveCfg = Debug|Any CPU
		{C9FBF4F0-BBD5-41F8-9230-D28484B5185B}.Debug|Any CPU.Build.0 = Debug|Any CPU
		{C9FBF4F0-BBD5-41F8-9230-D28484B5185B}.Release|Any CPU.ActiveCfg = Release|Any CPU
		{C9FBF4F0-BBD5-41F8-9230-D28484B5185B}.Release|Any CPU.Build.0 = Release|Any CPU
		{16F2C679-D6A1-4DFE-A6FC-78F65C995687}.Debug|Any CPU.ActiveCfg = Debug|Any CPU
		{16F2C679-D6A1-4DFE-A6FC-78F65C995687}.Debug|Any CPU.Build.0 = Debug|Any CPU
		{16F2C679-D6A1-4DFE-A6FC-78F65C995687}.Release|Any CPU.ActiveCfg = Release|Any CPU
		{16F2C679-D6A1-4DFE-A6FC-78F65C995687}.Release|Any CPU.Build.0 = Release|Any CPU
		{A705FD1D-3138-4CEF-8D70-D3736F98F3C2}.Debug|Any CPU.ActiveCfg = Debug|Any CPU
		{A705FD1D-3138-4CEF-8D70-D3736F98F3C2}.Debug|Any CPU.Build.0 = Debug|Any CPU
		{A705FD1D-3138-4CEF-8D70-D3736F98F3C2}.Release|Any CPU.ActiveCfg = Release|Any CPU
		{A705FD1D-3138-4CEF-8D70-D3736F98F3C2}.Release|Any CPU.Build.0 = Release|Any CPU
		{0235CA06-28D0-41CC-89CF-473643FB9D41}.Debug|Any CPU.ActiveCfg = Debug|Any CPU
		{0235CA06-28D0-41CC-89CF-473643FB9D41}.Debug|Any CPU.Build.0 = Debug|Any CPU
		{0235CA06-28D0-41CC-89CF-473643FB9D41}.Release|Any CPU.ActiveCfg = Release|Any CPU
		{0235CA06-28D0-41CC-89CF-473643FB9D41}.Release|Any CPU.Build.0 = Release|Any CPU
		{F1FE86A0-8A86-4C4F-B809-DAD1A9671B41}.Debug|Any CPU.ActiveCfg = Debug|Any CPU
		{F1FE86A0-8A86-4C4F-B809-DAD1A9671B41}.Debug|Any CPU.Build.0 = Debug|Any CPU
		{F1FE86A0-8A86-4C4F-B809-DAD1A9671B41}.Release|Any CPU.ActiveCfg = Release|Any CPU
		{F1FE86A0-8A86-4C4F-B809-DAD1A9671B41}.Release|Any CPU.Build.0 = Release|Any CPU
	EndGlobalSection
	GlobalSection(SolutionProperties) = preSolution
		HideSolutionNode = FALSE
	EndGlobalSection
	GlobalSection(NestedProjects) = preSolution
		{58B8B98E-3724-4150-9EEA-A7CF0B50F85A} = {02EA681E-C7D8-13C7-8484-4AC65E1B71E8}
		{C9FBF4F0-BBD5-41F8-9230-D28484B5185B} = {02EA681E-C7D8-13C7-8484-4AC65E1B71E8}
		{16F2C679-D6A1-4DFE-A6FC-78F65C995687} = {02EA681E-C7D8-13C7-8484-4AC65E1B71E8}
		{A705FD1D-3138-4CEF-8D70-D3736F98F3C2} = {389B09F6-ABE9-4B15-B9BB-4CE6B92FCA35}
		{0235CA06-28D0-41CC-89CF-473643FB9D41} = {389B09F6-ABE9-4B15-B9BB-4CE6B92FCA35}
		{F1FE86A0-8A86-4C4F-B809-DAD1A9671B41} = {389B09F6-ABE9-4B15-B9BB-4CE6B92FCA35}
	EndGlobalSection
	GlobalSection(ExtensibilityGlobals) = postSolution
		SolutionGuid = {B6EE542D-37EA-4B1C-BC21-74040840B8EF}
	EndGlobalSection
EndGlobal
