
Microsoft Visual Studio Solution File, Format Version 12.00
# Visual Studio Version 17
VisualStudioVersion = 17.14.37411.7
MinimumVisualStudioVersion = 10.0.40219.1
Project("{FAE04EC0-301F-11D3-BF4B-00C04F79EFBC}") = "NET 01. First Program (Main version)", "NET 01. First Program (Main version)\NET 01. First Program (Main version).csproj", "{58B8B98E-3724-4150-9EEA-A7CF0B50F85A}"
EndProject
Project("{2150E333-8FDC-42A3-9474-1A3956D46DE8}") = "NET 01", "NET 01", "{02EA681E-C7D8-13C7-8484-4AC65E1B71E8}"
EndProject
Project("{FAE04EC0-301F-11D3-BF4B-00C04F79EFBC}") = "NET 01. First Program (Top Level Statement)", "NET 01. First Program (Top Level Statement)\NET 01. First Program (Top Level Statement).csproj", "{C9FBF4F0-BBD5-41F8-9230-D28484B5185B}"
EndProject
Project("{FAE04EC0-301F-11D3-BF4B-00C04F79EFBC}") = "NET 01. Data Types", "NET 01. Data Types\NET 01. Data Types.csproj", "{16F2C679-D6A1-4DFE-A6FC-78F65C995687}"
EndProject
Project("{2150E333-8FDC-42A3-9474-1A3956D46DE8}") = "NET 02", "NET 02", "{389B09F6-ABE9-4B15-B9BB-4CE6B92FCA35}"
EndProject
Project("{FAE04EC0-301F-11D3-BF4B-00C04F79EFBC}") = "NET 02. Variables", "NET 02. Variables\NET 02. Variables.csproj", "{A705FD1D-3138-4CEF-8D70-D3736F98F3C2}"
EndProject
Project("{FAE04EC0-301F-11D3-BF4B-00C04F79EFBC}") = "NET 02. Input Output", "NET 02. Input Output\NET 02. Input Output.csproj", "{0235CA06-28D0-41CC-89CF-473643FB9D41}"
EndProject
Project("{FAE04EC0-301F-11D3-BF4B-00C04F79EFBC}") = "NET 02. TypeCasting", "NET 02. TypeCasting\NET 02. TypeCasting.csproj", "{F1FE86A0-8A86-4C4F-B809-DAD1A9671B41}"
EndProject
Project("{2150E333-8FDC-42A3-9474-1A3956D46DE8}") = "NET 03", "NET 03", "{39187A2F-FA18-42DF-9C41-CE708AFB4D2C}"
EndProject
Project("{FAE04EC0-301F-11D3-BF4B-00C04F79EFBC}") = "NET 03. switch", "NET 03. switch\NET 03. switch.csproj", "{745D8410-4351-4FEC-9C31-9A1331DD17E8}"
EndProject
Project("{FAE04EC0-301F-11D3-BF4B-00C04F79EFBC}") = "NET 03. Arrays", "NET 03. Arrays\NET 03. Arrays.csproj", "{9F47FD5D-0798-4A2D-9F47-810EE33A4E51}"
EndProject
Project("{FAE04EC0-301F-11D3-BF4B-00C04F79EFBC}") = "NET 03. ranges, indicies", "NET 03. ranges, indicies\NET 03. ranges, indicies.csproj", "{375411DC-01F6-404D-B3D0-4B924848199C}"
EndProject
Project("{FAE04EC0-301F-11D3-BF4B-00C04F79EFBC}") = "NET 03. string", "NET 03. string\NET 03. string.csproj", "{A14B5976-DE6D-4AFC-A535-6576B0D41D72}"
EndProject
Project("{2150E333-8FDC-42A3-9474-1A3956D46DE8}") = "NET 04", "NET 04", "{9CB0EFC8-A633-4E49-A5D0-1E730174D6FA}"
EndProject
Project("{FAE04EC0-301F-11D3-BF4B-00C04F79EFBC}") = "NET 04. string vs StringBuilder", "NET 04. string vs StringBuilder\NET 04. string vs StringBuilder.csproj", "{5F100299-CECC-489D-81E0-A07E06E11A3E}"
EndProject
Project("{FAE04EC0-301F-11D3-BF4B-00C04F79EFBC}") = "NET 04. ref and out", "NET 04. ref and out\NET 04. ref and out.csproj", "{33C89463-1A02-409C-866F-7904FDCB0AF4}"
EndProject
Project("{FAE04EC0-301F-11D3-BF4B-00C04F79EFBC}") = "NET 04. struct", "NET 04. struct\NET 04. struct.csproj", "{7FB79EF8-87D7-4C42-AAF7-BC829B5920BF}"
EndProject
Project("{FAE04EC0-301F-11D3-BF4B-00C04F79EFBC}") = "NET 04. class, this, access modifiers", "NET 04. class, this, access modifiers\NET 04. class, this, access modifiers.csproj", "{7725723B-3730-4977-8741-127CA7A71D68}"
EndProject
Project("{2150E333-8FDC-42A3-9474-1A3956D46DE8}") = "NET 05", "NET 05", "{27BE82FC-510C-4602-97F9-133201033A44}"
EndProject
Project("{FAE04EC0-301F-11D3-BF4B-00C04F79EFBC}") = "NET 05. Partial", "NET 05. Partial\NET 05. Partial.csproj", "{CCC4FD94-8CEC-46A2-99E6-81A48F000C3E}"
EndProject
Project("{2150E333-8FDC-42A3-9474-1A3956D46DE8}") = "NET 06", "NET 06", "{A4CCCA70-C45A-4141-9AB6-E80EF65525C8}"
EndProject
Project("{FAE04EC0-301F-11D3-BF4B-00C04F79EFBC}") = "NET 06. Encapsulation", "NET 06. Encapsulation\NET 06. Encapsulation.csproj", "{C1F1FEA9-F15A-461E-B335-7238D89D8F6E}"
EndProject
Project("{FAE04EC0-301F-11D3-BF4B-00C04F79EFBC}") = "NET 06. Null conditional, Null coalesing, Nullable", "NET 06. Null conditional, Null coalesing, Nullable\NET 06. Null conditional, Null coalesing, Nullable.csproj", "{ABAA65A5-0B2D-45CC-99E7-DE50FC87912E}"
EndProject
Project("{FAE04EC0-301F-11D3-BF4B-00C04F79EFBC}") = "NET 06. tuple, Deconstruct", "NET 05. tuple, Deconstruct\NET 06. tuple, Deconstruct.csproj", "{098F435E-A74E-F99F-C087-0172EDA0A08F}"
EndProject
Project("{2150E333-8FDC-42A3-9474-1A3956D46DE8}") = "NET 07", "NET 07", "{53D497C1-44BB-43C2-A7E7-9DE6076C82AF}"
EndProject
Project("{FAE04EC0-301F-11D3-BF4B-00C04F79EFBC}") = "NET 07. Params", "NET 07. Params\NET 07. Params.csproj", "{34C316F8-7A4C-4E42-898B-C2ABC9F98D4E}"
EndProject
Project("{FAE04EC0-301F-11D3-BF4B-00C04F79EFBC}") = "NET 07. Operator overloading", "NET 07. Operator overloading\NET 07. Operator overloading.csproj", "{268BD363-3A39-4AE1-80D7-621A88273224}"
EndProject
Project("{2150E333-8FDC-42A3-9474-1A3956D46DE8}") = "NET 08", "NET 08", "{5FC69870-E96A-49D2-9CD4-C57246097884}"
EndProject
Project("{FAE04EC0-301F-11D3-BF4B-00C04F79EFBC}") = "NET 08. Indexer", "NET 08. Indexer\NET 08. Indexer.csproj", "{2D88BDBC-71E1-4C33-9CEA-0C7DB603EB20}"
EndProject
Project("{FAE04EC0-301F-11D3-BF4B-00C04F79EFBC}") = "NET 08. Inheritance", "NET 08. Inheritance\NET 08. Inheritance.csproj", "{007CD839-1304-43A7-B64E-A22A47F15CDA}"
EndProject
Project("{2150E333-8FDC-42A3-9474-1A3956D46DE8}") = "NET 09", "NET 09", "{3F40E9A3-A11B-4626-BD88-D702E46255D8}"
EndProject
Project("{FAE04EC0-301F-11D3-BF4B-00C04F79EFBC}") = "NET 09. Polymorphism", "NET 09. Polymorphism\NET 09. Polymorphism.csproj", "{31EB76B7-B9D3-4DC6-8662-F48108C7CB19}"
EndProject
Project("{2150E333-8FDC-42A3-9474-1A3956D46DE8}") = "NET 10", "NET 10", "{4E7E3B19-70F8-46D6-91F5-D98A0F9DE8EC}"
EndProject
Project("{FAE04EC0-301F-11D3-BF4B-00C04F79EFBC}") = "NET 10. Abstract Classes", "NET 10. Abstract Classes\NET 10. Abstract Classes.csproj", "{BA239BAA-F94E-452A-A419-6010C726C4E2}"
EndProject
Project("{FAE04EC0-301F-11D3-BF4B-00C04F79EFBC}") = "NET 10. Interfaces", "NET 10. Interfaces\NET 10. Interfaces.csproj", "{2EB44DD0-1919-47F7-A432-EFD840C8E98F}"
EndProject
Project("{FAE04EC0-301F-11D3-BF4B-00C04F79EFBC}") = "NET 10. Standatd interfaces", "NET 10. Standatd interfaces\NET 10. Standatd interfaces.csproj", "{DF51115E-BEE2-44C1-A711-689F189EA778}"
EndProject
Project("{2150E333-8FDC-42A3-9474-1A3956D46DE8}") = "NET 11", "NET 11", "{40541899-041F-4DC9-86DE-D5B68A64F18E}"
EndProject
Project("{FAE04EC0-301F-11D3-BF4B-00C04F79EFBC}") = "NET 11. Delegates", "NET 11. Delegates\NET 11. Delegates.csproj", "{A13B9AA7-7473-4A6F-A9EF-B8E28F3236BF}"
EndProject
Project("{2150E333-8FDC-42A3-9474-1A3956D46DE8}") = "NET 12", "NET 12", "{A1CE739E-F6D6-4D14-9AA1-5CCFCC4832AC}"
EndProject
Project("{FAE04EC0-301F-11D3-BF4B-00C04F79EFBC}") = "NET 12. Events", "NET 12. Events\NET 12. Events.csproj", "{CBEA9349-D32A-4F8C-842A-50FE61782BC9}"
EndProject
Project("{FAE04EC0-301F-11D3-BF4B-00C04F79EFBC}") = "NET 12. Events add remove", "NET 12. Events add remove\NET 12. Events add remove.csproj", "{68752FDA-0007-4BA9-8231-DBA51B6CDDAF}"
EndProject
Project("{FAE04EC0-301F-11D3-BF4B-00C04F79EFBC}") = "NET 12. EventArgs", "NET 12. EventArgs\NET 12. EventArgs.csproj", "{C0C22570-0C63-4F2B-8B2B-715BD94F11FE}"
EndProject
Project("{FAE04EC0-301F-11D3-BF4B-00C04F79EFBC}") = "NET 12. Winform EventArgs", "NET 12. Winform EventArgs\NET 12. Winform EventArgs.csproj", "{A6B9BF1B-44DD-49C8-BBA7-C9231D4FED23}"
EndProject
Project("{FAE04EC0-301F-11D3-BF4B-00C04F79EFBC}") = "NET 12. Extension Methods", "NET 12. Extension Methods\NET 12. Extension Methods.csproj", "{E349AF21-DE6B-4C01-9199-5CECB15242F5}"
EndProject
Project("{2150E333-8FDC-42A3-9474-1A3956D46DE8}") = "NET 13", "NET 13", "{EFA3C9D4-92C2-4C55-8D9C-67EC3252CF1C}"
EndProject
Project("{FAE04EC0-301F-11D3-BF4B-00C04F79EFBC}") = "NET 13. Generic", "NET 13. Generic\NET 13. Generic.csproj", "{C822161E-ADE0-46C4-A8D2-6FDF39549FAC}"
EndProject
Project("{FAE04EC0-301F-11D3-BF4B-00C04F79EFBC}") = "NET 13. Non Generic Collections", "NET 13. Non Generic Collections\NET 13. Non Generic Collections.csproj", "{86514A62-9915-4A4C-9B5D-922EED2A8599}"
EndProject
Project("{FAE04EC0-301F-11D3-BF4B-00C04F79EFBC}") = "NET 13. boxing unboxing", "NET 13. boxing unboxing\NET 13. boxing unboxing.csproj", "{BAB1D85E-78E9-48EB-8F96-15BA2A488A3D}"
EndProject
Project("{FAE04EC0-301F-11D3-BF4B-00C04F79EFBC}") = "NET 13. Generic collections", "NET 13. Generic collections\NET 13. Generic collections.csproj", "{D1A4D1A7-69DB-4E87-BB39-883FF76A09F1}"
EndProject
Project("{FAE04EC0-301F-11D3-BF4B-00C04F79EFBC}") = "NET 13. Non Generic VS Generic", "NET 13. Non Generic VS Generic\NET 13. Non Generic VS Generic.csproj", "{B80643F4-5A6F-4E54-9871-857280E0EDC9}"
EndProject
Project("{FAE04EC0-301F-11D3-BF4B-00C04F79EFBC}") = "NET 13. LINQ", "NET 13. LINQ\NET 13. LINQ.csproj", "{4E678142-B9E9-46A7-BF2F-E32DB194AADF}"
EndProject
Project("{FAE04EC0-301F-11D3-BF4B-00C04F79EFBC}") = "NET 13. LINQ join", "NET 13. LINQ join\NET 13. LINQ join.csproj", "{8A7A344F-9FC2-4464-B719-B0D72D9D5629}"
EndProject
Project("{2150E333-8FDC-42A3-9474-1A3956D46DE8}") = "NET 14", "NET 14", "{364D6E59-6A70-4438-AC5C-A75CDCF8EDCE}"
EndProject
Project("{FAE04EC0-301F-11D3-BF4B-00C04F79EFBC}") = "NET 14. Annonymous methods Lambda expression", "NET 14. Annonymous methods Lambda expression\NET 14. Annonymous methods Lambda expression.csproj", "{D7675A27-4F22-4000-A1E5-D9D1EC21ECD3}"
EndProject
Project("{FAE04EC0-301F-11D3-BF4B-00C04F79EFBC}") = "NET 14. LINQ Methods", "NET 14. LINQ Methods\NET 14. LINQ Methods.csproj", "{E7211D69-EA83-4F27-8E27-2E461954BC95}"
EndProject
Project("{2150E333-8FDC-42A3-9474-1A3956D46DE8}") = "NET 15", "NET 15", "{C5107425-D538-4A74-AF6A-961E46DC1D92}"
EndProject
Project("{FAE04EC0-301F-11D3-BF4B-00C04F79EFBC}") = "NET 15. Exceptions", "NET 15. Exceptions\NET 15. Exceptions.csproj", "{1D2EC6CD-1A0A-4EFB-AC3B-B681C0824D84}"
EndProject
Global
	GlobalSection(SolutionConfigurationPlatforms) = preSolution
		Debug|Any CPU = Debug|Any CPU
		Release|Any CPU = Release|Any CPU
	EndGlobalSection
	GlobalSection(ProjectConfigurationPlatforms) = postSolution
		{58B8B98E-3724-4150-9EEA-A7CF0B50F85A}.Debug|Any CPU.ActiveCfg = Debug|Any CPU
		{58B8B98E-3724-4150-9EEA-A7CF0B50F85A}.Debug|Any CPU.Build.0 = Debug|Any CPU
		{58B8B98E-3724-4150-9EEA-A7CF0B50F85A}.Release|Any CPU.ActiveCfg = Release|Any CPU
		{58B8B98E-3724-4150-9EEA-A7CF0B50F85A}.Release|Any CPU.Build.0 = Release|Any CPU
		{C9FBF4F0-BBD5-41F8-9230-D28484B5185B}.Debug|Any CPU.ActiveCfg = Debug|Any CPU
		{C9FBF4F0-BBD5-41F8-9230-D28484B5185B}.Debug|Any CPU.Build.0 = Debug|Any CPU
		{C9FBF4F0-BBD5-41F8-9230-D28484B5185B}.Release|Any CPU.ActiveCfg = Release|Any CPU
		{C9FBF4F0-BBD5-41F8-9230-D28484B5185B}.Release|Any CPU.Build.0 = Release|Any CPU
		{16F2C679-D6A1-4DFE-A6FC-78F65C995687}.Debug|Any CPU.ActiveCfg = Debug|Any CPU
		{16F2C679-D6A1-4DFE-A6FC-78F65C995687}.Debug|Any CPU.Build.0 = Debug|Any CPU
		{16F2C679-D6A1-4DFE-A6FC-78F65C995687}.Release|Any CPU.ActiveCfg = Release|Any CPU
		{16F2C679-D6A1-4DFE-A6FC-78F65C995687}.Release|Any CPU.Build.0 = Release|Any CPU
		{A705FD1D-3138-4CEF-8D70-D3736F98F3C2}.Debug|Any CPU.ActiveCfg = Debug|Any CPU
		{A705FD1D-3138-4CEF-8D70-D3736F98F3C2}.Debug|Any CPU.Build.0 = Debug|Any CPU
		{A705FD1D-3138-4CEF-8D70-D3736F98F3C2}.Release|Any CPU.ActiveCfg = Release|Any CPU
		{A705FD1D-3138-4CEF-8D70-D3736F98F3C2}.Release|Any CPU.Build.0 = Release|Any CPU
		{0235CA06-28D0-41CC-89CF-473643FB9D41}.Debug|Any CPU.ActiveCfg = Debug|Any CPU
		{0235CA06-28D0-41CC-89CF-473643FB9D41}.Debug|Any CPU.Build.0 = Debug|Any CPU
		{0235CA06-28D0-41CC-89CF-473643FB9D41}.Release|Any CPU.ActiveCfg = Release|Any CPU
		{0235CA06-28D0-41CC-89CF-473643FB9D41}.Release|Any CPU.Build.0 = Release|Any CPU
		{F1FE86A0-8A86-4C4F-B809-DAD1A9671B41}.Debug|Any CPU.ActiveCfg = Debug|Any CPU
		{F1FE86A0-8A86-4C4F-B809-DAD1A9671B41}.Debug|Any CPU.Build.0 = Debug|Any CPU
		{F1FE86A0-8A86-4C4F-B809-DAD1A9671B41}.Release|Any CPU.ActiveCfg = Release|Any CPU
		{F1FE86A0-8A86-4C4F-B809-DAD1A9671B41}.Release|Any CPU.Build.0 = Release|Any CPU
		{745D8410-4351-4FEC-9C31-9A1331DD17E8}.Debug|Any CPU.ActiveCfg = Debug|Any CPU
		{745D8410-4351-4FEC-9C31-9A1331DD17E8}.Debug|Any CPU.Build.0 = Debug|Any CPU
		{745D8410-4351-4FEC-9C31-9A1331DD17E8}.Release|Any CPU.ActiveCfg = Release|Any CPU
		{745D8410-4351-4FEC-9C31-9A1331DD17E8}.Release|Any CPU.Build.0 = Release|Any CPU
		{9F47FD5D-0798-4A2D-9F47-810EE33A4E51}.Debug|Any CPU.ActiveCfg = Debug|Any CPU
		{9F47FD5D-0798-4A2D-9F47-810EE33A4E51}.Debug|Any CPU.Build.0 = Debug|Any CPU
		{9F47FD5D-0798-4A2D-9F47-810EE33A4E51}.Release|Any CPU.ActiveCfg = Release|Any CPU
		{9F47FD5D-0798-4A2D-9F47-810EE33A4E51}.Release|Any CPU.Build.0 = Release|Any CPU
		{375411DC-01F6-404D-B3D0-4B924848199C}.Debug|Any CPU.ActiveCfg = Debug|Any CPU
		{375411DC-01F6-404D-B3D0-4B924848199C}.Debug|Any CPU.Build.0 = Debug|Any CPU
		{375411DC-01F6-404D-B3D0-4B924848199C}.Release|Any CPU.ActiveCfg = Release|Any CPU
		{375411DC-01F6-404D-B3D0-4B924848199C}.Release|Any CPU.Build.0 = Release|Any CPU
		{A14B5976-DE6D-4AFC-A535-6576B0D41D72}.Debug|Any CPU.ActiveCfg = Debug|Any CPU
		{A14B5976-DE6D-4AFC-A535-6576B0D41D72}.Debug|Any CPU.Build.0 = Debug|Any CPU
		{A14B5976-DE6D-4AFC-A535-6576B0D41D72}.Release|Any CPU.ActiveCfg = Release|Any CPU
		{A14B5976-DE6D-4AFC-A535-6576B0D41D72}.Release|Any CPU.Build.0 = Release|Any CPU
		{5F100299-CECC-489D-81E0-A07E06E11A3E}.Debug|Any CPU.ActiveCfg = Debug|Any CPU
		{5F100299-CECC-489D-81E0-A07E06E11A3E}.Debug|Any CPU.Build.0 = Debug|Any CPU
		{5F100299-CECC-489D-81E0-A07E06E11A3E}.Release|Any CPU.ActiveCfg = Release|Any CPU
		{5F100299-CECC-489D-81E0-A07E06E11A3E}.Release|Any CPU.Build.0 = Release|Any CPU
		{33C89463-1A02-409C-866F-7904FDCB0AF4}.Debug|Any CPU.ActiveCfg = Debug|Any CPU
		{33C89463-1A02-409C-866F-7904FDCB0AF4}.Debug|Any CPU.Build.0 = Debug|Any CPU
		{33C89463-1A02-409C-866F-7904FDCB0AF4}.Release|Any CPU.ActiveCfg = Release|Any CPU
		{33C89463-1A02-409C-866F-7904FDCB0AF4}.Release|Any CPU.Build.0 = Release|Any CPU
		{7FB79EF8-87D7-4C42-AAF7-BC829B5920BF}.Debug|Any CPU.ActiveCfg = Debug|Any CPU
		{7FB79EF8-87D7-4C42-AAF7-BC829B5920BF}.Debug|Any CPU.Build.0 = Debug|Any CPU
		{7FB79EF8-87D7-4C42-AAF7-BC829B5920BF}.Release|Any CPU.ActiveCfg = Release|Any CPU
		{7FB79EF8-87D7-4C42-AAF7-BC829B5920BF}.Release|Any CPU.Build.0 = Release|Any CPU
		{7725723B-3730-4977-8741-127CA7A71D68}.Debug|Any CPU.ActiveCfg = Debug|Any CPU
		{7725723B-3730-4977-8741-127CA7A71D68}.Debug|Any CPU.Build.0 = Debug|Any CPU
		{7725723B-3730-4977-8741-127CA7A71D68}.Release|Any CPU.ActiveCfg = Release|Any CPU
		{7725723B-3730-4977-8741-127CA7A71D68}.Release|Any CPU.Build.0 = Release|Any CPU
		{CCC4FD94-8CEC-46A2-99E6-81A48F000C3E}.Debug|Any CPU.ActiveCfg = Debug|Any CPU
		{CCC4FD94-8CEC-46A2-99E6-81A48F000C3E}.Debug|Any CPU.Build.0 = Debug|Any CPU
		{CCC4FD94-8CEC-46A2-99E6-81A48F000C3E}.Release|Any CPU.ActiveCfg = Release|Any CPU
		{CCC4FD94-8CEC-46A2-99E6-81A48F000C3E}.Release|Any CPU.Build.0 = Release|Any CPU
		{C1F1FEA9-F15A-461E-B335-7238D89D8F6E}.Debug|Any CPU.ActiveCfg = Debug|Any CPU
		{C1F1FEA9-F15A-461E-B335-7238D89D8F6E}.Debug|Any CPU.Build.0 = Debug|Any CPU
		{C1F1FEA9-F15A-461E-B335-7238D89D8F6E}.Release|Any CPU.ActiveCfg = Release|Any CPU
		{C1F1FEA9-F15A-461E-B335-7238D89D8F6E}.Release|Any CPU.Build.0 = Release|Any CPU
		{ABAA65A5-0B2D-45CC-99E7-DE50FC87912E}.Debug|Any CPU.ActiveCfg = Debug|Any CPU
		{ABAA65A5-0B2D-45CC-99E7-DE50FC87912E}.Debug|Any CPU.Build.0 = Debug|Any CPU
		{ABAA65A5-0B2D-45CC-99E7-DE50FC87912E}.Release|Any CPU.ActiveCfg = Release|Any CPU
		{ABAA65A5-0B2D-45CC-99E7-DE50FC87912E}.Release|Any CPU.Build.0 = Release|Any CPU
		{098F435E-A74E-F99F-C087-0172EDA0A08F}.Debug|Any CPU.ActiveCfg = Debug|Any CPU
		{098F435E-A74E-F99F-C087-0172EDA0A08F}.Debug|Any CPU.Build.0 = Debug|Any CPU
		{098F435E-A74E-F99F-C087-0172EDA0A08F}.Release|Any CPU.ActiveCfg = Release|Any CPU
		{098F435E-A74E-F99F-C087-0172EDA0A08F}.Release|Any CPU.Build.0 = Release|Any CPU
		{34C316F8-7A4C-4E42-898B-C2ABC9F98D4E}.Debug|Any CPU.ActiveCfg = Debug|Any CPU
		{34C316F8-7A4C-4E42-898B-C2ABC9F98D4E}.Debug|Any CPU.Build.0 = Debug|Any CPU
		{34C316F8-7A4C-4E42-898B-C2ABC9F98D4E}.Release|Any CPU.ActiveCfg = Release|Any CPU
		{34C316F8-7A4C-4E42-898B-C2ABC9F98D4E}.Release|Any CPU.Build.0 = Release|Any CPU
		{268BD363-3A39-4AE1-80D7-621A88273224}.Debug|Any CPU.ActiveCfg = Debug|Any CPU
		{268BD363-3A39-4AE1-80D7-621A88273224}.Debug|Any CPU.Build.0 = Debug|Any CPU
		{268BD363-3A39-4AE1-80D7-621A88273224}.Release|Any CPU.ActiveCfg = Release|Any CPU
		{268BD363-3A39-4AE1-80D7-621A88273224}.Release|Any CPU.Build.0 = Release|Any CPU
		{2D88BDBC-71E1-4C33-9CEA-0C7DB603EB20}.Debug|Any CPU.ActiveCfg = Debug|Any CPU
		{2D88BDBC-71E1-4C33-9CEA-0C7DB603EB20}.Debug|Any CPU.Build.0 = Debug|Any CPU
		{2D88BDBC-71E1-4C33-9CEA-0C7DB603EB20}.Release|Any CPU.ActiveCfg = Release|Any CPU
		{2D88BDBC-71E1-4C33-9CEA-0C7DB603EB20}.Release|Any CPU.Build.0 = Release|Any CPU
		{007CD839-1304-43A7-B64E-A22A47F15CDA}.Debug|Any CPU.ActiveCfg = Debug|Any CPU
		{007CD839-1304-43A7-B64E-A22A47F15CDA}.Debug|Any CPU.Build.0 = Debug|Any CPU
		{007CD839-1304-43A7-B64E-A22A47F15CDA}.Release|Any CPU.ActiveCfg = Release|Any CPU
		{007CD839-1304-43A7-B64E-A22A47F15CDA}.Release|Any CPU.Build.0 = Release|Any CPU
		{31EB76B7-B9D3-4DC6-8662-F48108C7CB19}.Debug|Any CPU.ActiveCfg = Debug|Any CPU
		{31EB76B7-B9D3-4DC6-8662-F48108C7CB19}.Debug|Any CPU.Build.0 = Debug|Any CPU
		{31EB76B7-B9D3-4DC6-8662-F48108C7CB19}.Release|Any CPU.ActiveCfg = Release|Any CPU
		{31EB76B7-B9D3-4DC6-8662-F48108C7CB19}.Release|Any CPU.Build.0 = Release|Any CPU
		{BA239BAA-F94E-452A-A419-6010C726C4E2}.Debug|Any CPU.ActiveCfg = Debug|Any CPU
		{BA239BAA-F94E-452A-A419-6010C726C4E2}.Debug|Any CPU.Build.0 = Debug|Any CPU
		{BA239BAA-F94E-452A-A419-6010C726C4E2}.Release|Any CPU.ActiveCfg = Release|Any CPU
		{BA239BAA-F94E-452A-A419-6010C726C4E2}.Release|Any CPU.Build.0 = Release|Any CPU
		{2EB44DD0-1919-47F7-A432-EFD840C8E98F}.Debug|Any CPU.ActiveCfg = Debug|Any CPU
		{2EB44DD0-1919-47F7-A432-EFD840C8E98F}.Debug|Any CPU.Build.0 = Debug|Any CPU
		{2EB44DD0-1919-47F7-A432-EFD840C8E98F}.Release|Any CPU.ActiveCfg = Release|Any CPU
		{2EB44DD0-1919-47F7-A432-EFD840C8E98F}.Release|Any CPU.Build.0 = Release|Any CPU
		{DF51115E-BEE2-44C1-A711-689F189EA778}.Debug|Any CPU.ActiveCfg = Debug|Any CPU
		{DF51115E-BEE2-44C1-A711-689F189EA778}.Debug|Any CPU.Build.0 = Debug|Any CPU
		{DF51115E-BEE2-44C1-A711-689F189EA778}.Release|Any CPU.ActiveCfg = Release|Any CPU
		{DF51115E-BEE2-44C1-A711-689F189EA778}.Release|Any CPU.Build.0 = Release|Any CPU
		{A13B9AA7-7473-4A6F-A9EF-B8E28F3236BF}.Debug|Any CPU.ActiveCfg = Debug|Any CPU
		{A13B9AA7-7473-4A6F-A9EF-B8E28F3236BF}.Debug|Any CPU.Build.0 = Debug|Any CPU
		{A13B9AA7-7473-4A6F-A9EF-B8E28F3236BF}.Release|Any CPU.ActiveCfg = Release|Any CPU
		{A13B9AA7-7473-4A6F-A9EF-B8E28F3236BF}.Release|Any CPU.Build.0 = Release|Any CPU
		{CBEA9349-D32A-4F8C-842A-50FE61782BC9}.Debug|Any CPU.ActiveCfg = Debug|Any CPU
		{CBEA9349-D32A-4F8C-842A-50FE61782BC9}.Debug|Any CPU.Build.0 = Debug|Any CPU
		{CBEA9349-D32A-4F8C-842A-50FE61782BC9}.Release|Any CPU.ActiveCfg = Release|Any CPU
		{CBEA9349-D32A-4F8C-842A-50FE61782BC9}.Release|Any CPU.Build.0 = Release|Any CPU
		{68752FDA-0007-4BA9-8231-DBA51B6CDDAF}.Debug|Any CPU.ActiveCfg = Debug|Any CPU
		{68752FDA-0007-4BA9-8231-DBA51B6CDDAF}.Debug|Any CPU.Build.0 = Debug|Any CPU
		{68752FDA-0007-4BA9-8231-DBA51B6CDDAF}.Release|Any CPU.ActiveCfg = Release|Any CPU
		{68752FDA-0007-4BA9-8231-DBA51B6CDDAF}.Release|Any CPU.Build.0 = Release|Any CPU
		{C0C22570-0C63-4F2B-8B2B-715BD94F11FE}.Debug|Any CPU.ActiveCfg = Debug|Any CPU
		{C0C22570-0C63-4F2B-8B2B-715BD94F11FE}.Debug|Any CPU.Build.0 = Debug|Any CPU
		{C0C22570-0C63-4F2B-8B2B-715BD94F11FE}.Release|Any CPU.ActiveCfg = Release|Any CPU
		{C0C22570-0C63-4F2B-8B2B-715BD94F11FE}.Release|Any CPU.Build.0 = Release|Any CPU
		{A6B9BF1B-44DD-49C8-BBA7-C9231D4FED23}.Debug|Any CPU.ActiveCfg = Debug|Any CPU
		{A6B9BF1B-44DD-49C8-BBA7-C9231D4FED23}.Debug|Any CPU.Build.0 = Debug|Any CPU
		{A6B9BF1B-44DD-49C8-BBA7-C9231D4FED23}.Release|Any CPU.ActiveCfg = Release|Any CPU
		{A6B9BF1B-44DD-49C8-BBA7-C9231D4FED23}.Release|Any CPU.Build.0 = Release|Any CPU
		{E349AF21-DE6B-4C01-9199-5CECB15242F5}.Debug|Any CPU.ActiveCfg = Debug|Any CPU
		{E349AF21-DE6B-4C01-9199-5CECB15242F5}.Debug|Any CPU.Build.0 = Debug|Any CPU
		{E349AF21-DE6B-4C01-9199-5CECB15242F5}.Release|Any CPU.ActiveCfg = Release|Any CPU
		{E349AF21-DE6B-4C01-9199-5CECB15242F5}.Release|Any CPU.Build.0 = Release|Any CPU
		{C822161E-ADE0-46C4-A8D2-6FDF39549FAC}.Debug|Any CPU.ActiveCfg = Debug|Any CPU
		{C822161E-ADE0-46C4-A8D2-6FDF39549FAC}.Debug|Any CPU.Build.0 = Debug|Any CPU
		{C822161E-ADE0-46C4-A8D2-6FDF39549FAC}.Release|Any CPU.ActiveCfg = Release|Any CPU
		{C822161E-ADE0-46C4-A8D2-6FDF39549FAC}.Release|Any CPU.Build.0 = Release|Any CPU
		{86514A62-9915-4A4C-9B5D-922EED2A8599}.Debug|Any CPU.ActiveCfg = Debug|Any CPU
		{86514A62-9915-4A4C-9B5D-922EED2A8599}.Debug|Any CPU.Build.0 = Debug|Any CPU
		{86514A62-9915-4A4C-9B5D-922EED2A8599}.Release|Any CPU.ActiveCfg = Release|Any CPU
		{86514A62-9915-4A4C-9B5D-922EED2A8599}.Release|Any CPU.Build.0 = Release|Any CPU
		{BAB1D85E-78E9-48EB-8F96-15BA2A488A3D}.Debug|Any CPU.ActiveCfg = Debug|Any CPU
		{BAB1D85E-78E9-48EB-8F96-15BA2A488A3D}.Debug|Any CPU.Build.0 = Debug|Any CPU
		{BAB1D85E-78E9-48EB-8F96-15BA2A488A3D}.Release|Any CPU.ActiveCfg = Release|Any CPU
		{BAB1D85E-78E9-48EB-8F96-15BA2A488A3D}.Release|Any CPU.Build.0 = Release|Any CPU
		{D1A4D1A7-69DB-4E87-BB39-883FF76A09F1}.Debug|Any CPU.ActiveCfg = Debug|Any CPU
		{D1A4D1A7-69DB-4E87-BB39-883FF76A09F1}.Debug|Any CPU.Build.0 = Debug|Any CPU
		{D1A4D1A7-69DB-4E87-BB39-883FF76A09F1}.Release|Any CPU.ActiveCfg = Release|Any CPU
		{D1A4D1A7-69DB-4E87-BB39-883FF76A09F1}.Release|Any CPU.Build.0 = Release|Any CPU
		{B80643F4-5A6F-4E54-9871-857280E0EDC9}.Debug|Any CPU.ActiveCfg = Debug|Any CPU
		{B80643F4-5A6F-4E54-9871-857280E0EDC9}.Debug|Any CPU.Build.0 = Debug|Any CPU
		{B80643F4-5A6F-4E54-9871-857280E0EDC9}.Release|Any CPU.ActiveCfg = Release|Any CPU
		{B80643F4-5A6F-4E54-9871-857280E0EDC9}.Release|Any CPU.Build.0 = Release|Any CPU
		{4E678142-B9E9-46A7-BF2F-E32DB194AADF}.Debug|Any CPU.ActiveCfg = Debug|Any CPU
		{4E678142-B9E9-46A7-BF2F-E32DB194AADF}.Debug|Any CPU.Build.0 = Debug|Any CPU
		{4E678142-B9E9-46A7-BF2F-E32DB194AADF}.Release|Any CPU.ActiveCfg = Release|Any CPU
		{4E678142-B9E9-46A7-BF2F-E32DB194AADF}.Release|Any CPU.Build.0 = Release|Any CPU
		{8A7A344F-9FC2-4464-B719-B0D72D9D5629}.Debug|Any CPU.ActiveCfg = Debug|Any CPU
		{8A7A344F-9FC2-4464-B719-B0D72D9D5629}.Debug|Any CPU.Build.0 = Debug|Any CPU
		{8A7A344F-9FC2-4464-B719-B0D72D9D5629}.Release|Any CPU.ActiveCfg = Release|Any CPU
		{8A7A344F-9FC2-4464-B719-B0D72D9D5629}.Release|Any CPU.Build.0 = Release|Any CPU
		{D7675A27-4F22-4000-A1E5-D9D1EC21ECD3}.Debug|Any CPU.ActiveCfg = Debug|Any CPU
		{D7675A27-4F22-4000-A1E5-D9D1EC21ECD3}.Debug|Any CPU.Build.0 = Debug|Any CPU
		{D7675A27-4F22-4000-A1E5-D9D1EC21ECD3}.Release|Any CPU.ActiveCfg = Release|Any CPU
		{D7675A27-4F22-4000-A1E5-D9D1EC21ECD3}.Release|Any CPU.Build.0 = Release|Any CPU
		{E7211D69-EA83-4F27-8E27-2E461954BC95}.Debug|Any CPU.ActiveCfg = Debug|Any CPU
		{E7211D69-EA83-4F27-8E27-2E461954BC95}.Debug|Any CPU.Build.0 = Debug|Any CPU
		{E7211D69-EA83-4F27-8E27-2E461954BC95}.Release|Any CPU.ActiveCfg = Release|Any CPU
		{E7211D69-EA83-4F27-8E27-2E461954BC95}.Release|Any CPU.Build.0 = Release|Any CPU
		{1D2EC6CD-1A0A-4EFB-AC3B-B681C0824D84}.Debug|Any CPU.ActiveCfg = Debug|Any CPU
		{1D2EC6CD-1A0A-4EFB-AC3B-B681C0824D84}.Debug|Any CPU.Build.0 = Debug|Any CPU
		{1D2EC6CD-1A0A-4EFB-AC3B-B681C0824D84}.Release|Any CPU.ActiveCfg = Release|Any CPU
		{1D2EC6CD-1A0A-4EFB-AC3B-B681C0824D84}.Release|Any CPU.Build.0 = Release|Any CPU
	EndGlobalSection
	GlobalSection(SolutionProperties) = preSolution
		HideSolutionNode = FALSE
	EndGlobalSection
	GlobalSection(NestedProjects) = preSolution
		{58B8B98E-3724-4150-9EEA-A7CF0B50F85A} = {02EA681E-C7D8-13C7-8484-4AC65E1B71E8}
		{C9FBF4F0-BBD5-41F8-9230-D28484B5185B} = {02EA681E-C7D8-13C7-8484-4AC65E1B71E8}
		{16F2C679-D6A1-4DFE-A6FC-78F65C995687} = {02EA681E-C7D8-13C7-8484-4AC65E1B71E8}
		{A705FD1D-3138-4CEF-8D70-D3736F98F3C2} = {389B09F6-ABE9-4B15-B9BB-4CE6B92FCA35}
		{0235CA06-28D0-41CC-89CF-473643FB9D41} = {389B09F6-ABE9-4B15-B9BB-4CE6B92FCA35}
		{F1FE86A0-8A86-4C4F-B809-DAD1A9671B41} = {389B09F6-ABE9-4B15-B9BB-4CE6B92FCA35}
		{745D8410-4351-4FEC-9C31-9A1331DD17E8} = {39187A2F-FA18-42DF-9C41-CE708AFB4D2C}
		{9F47FD5D-0798-4A2D-9F47-810EE33A4E51} = {39187A2F-FA18-42DF-9C41-CE708AFB4D2C}
		{375411DC-01F6-404D-B3D0-4B924848199C} = {39187A2F-FA18-42DF-9C41-CE708AFB4D2C}
		{A14B5976-DE6D-4AFC-A535-6576B0D41D72} = {39187A2F-FA18-42DF-9C41-CE708AFB4D2C}
		{5F100299-CECC-489D-81E0-A07E06E11A3E} = {9CB0EFC8-A633-4E49-A5D0-1E730174D6FA}
		{33C89463-1A02-409C-866F-7904FDCB0AF4} = {9CB0EFC8-A633-4E49-A5D0-1E730174D6FA}
		{7FB79EF8-87D7-4C42-AAF7-BC829B5920BF} = {9CB0EFC8-A633-4E49-A5D0-1E730174D6FA}
		{7725723B-3730-4977-8741-127CA7A71D68} = {9CB0EFC8-A633-4E49-A5D0-1E730174D6FA}
		{CCC4FD94-8CEC-46A2-99E6-81A48F000C3E} = {27BE82FC-510C-4602-97F9-133201033A44}
		{C1F1FEA9-F15A-461E-B335-7238D89D8F6E} = {A4CCCA70-C45A-4141-9AB6-E80EF65525C8}
		{ABAA65A5-0B2D-45CC-99E7-DE50FC87912E} = {A4CCCA70-C45A-4141-9AB6-E80EF65525C8}
		{098F435E-A74E-F99F-C087-0172EDA0A08F} = {A4CCCA70-C45A-4141-9AB6-E80EF65525C8}
		{34C316F8-7A4C-4E42-898B-C2ABC9F98D4E} = {53D497C1-44BB-43C2-A7E7-9DE6076C82AF}
		{268BD363-3A39-4AE1-80D7-621A88273224} = {53D497C1-44BB-43C2-A7E7-9DE6076C82AF}
		{2D88BDBC-71E1-4C33-9CEA-0C7DB603EB20} = {5FC69870-E96A-49D2-9CD4-C57246097884}
		{007CD839-1304-43A7-B64E-A22A47F15CDA} = {5FC69870-E96A-49D2-9CD4-C57246097884}
		{31EB76B7-B9D3-4DC6-8662-F48108C7CB19} = {3F40E9A3-A11B-4626-BD88-D702E46255D8}
		{BA239BAA-F94E-452A-A419-6010C726C4E2} = {4E7E3B19-70F8-46D6-91F5-D98A0F9DE8EC}
		{2EB44DD0-1919-47F7-A432-EFD840C8E98F} = {4E7E3B19-70F8-46D6-91F5-D98A0F9DE8EC}
		{DF51115E-BEE2-44C1-A711-689F189EA778} = {4E7E3B19-70F8-46D6-91F5-D98A0F9DE8EC}
		{A13B9AA7-7473-4A6F-A9EF-B8E28F3236BF} = {40541899-041F-4DC9-86DE-D5B68A64F18E}
		{CBEA9349-D32A-4F8C-842A-50FE61782BC9} = {A1CE739E-F6D6-4D14-9AA1-5CCFCC4832AC}
		{68752FDA-0007-4BA9-8231-DBA51B6CDDAF} = {A1CE739E-F6D6-4D14-9AA1-5CCFCC4832AC}
		{C0C22570-0C63-4F2B-8B2B-715BD94F11FE} = {A1CE739E-F6D6-4D14-9AA1-5CCFCC4832AC}
		{A6B9BF1B-44DD-49C8-BBA7-C9231D4FED23} = {A1CE739E-F6D6-4D14-9AA1-5CCFCC4832AC}
		{E349AF21-DE6B-4C01-9199-5CECB15242F5} = {A1CE739E-F6D6-4D14-9AA1-5CCFCC4832AC}
		{C822161E-ADE0-46C4-A8D2-6FDF39549FAC} = {EFA3C9D4-92C2-4C55-8D9C-67EC3252CF1C}
		{86514A62-9915-4A4C-9B5D-922EED2A8599} = {EFA3C9D4-92C2-4C55-8D9C-67EC3252CF1C}
		{BAB1D85E-78E9-48EB-8F96-15BA2A488A3D} = {EFA3C9D4-92C2-4C55-8D9C-67EC3252CF1C}
		{D1A4D1A7-69DB-4E87-BB39-883FF76A09F1} = {EFA3C9D4-92C2-4C55-8D9C-67EC3252CF1C}
		{B80643F4-5A6F-4E54-9871-857280E0EDC9} = {EFA3C9D4-92C2-4C55-8D9C-67EC3252CF1C}
		{4E678142-B9E9-46A7-BF2F-E32DB194AADF} = {EFA3C9D4-92C2-4C55-8D9C-67EC3252CF1C}
		{8A7A344F-9FC2-4464-B719-B0D72D9D5629} = {EFA3C9D4-92C2-4C55-8D9C-67EC3252CF1C}
		{D7675A27-4F22-4000-A1E5-D9D1EC21ECD3} = {364D6E59-6A70-4438-AC5C-A75CDCF8EDCE}
		{E7211D69-EA83-4F27-8E27-2E461954BC95} = {364D6E59-6A70-4438-AC5C-A75CDCF8EDCE}
		{1D2EC6CD-1A0A-4EFB-AC3B-B681C0824D84} = {C5107425-D538-4A74-AF6A-961E46DC1D92}
	EndGlobalSection
	GlobalSection(ExtensibilityGlobals) = postSolution
		SolutionGuid = {B6EE542D-37EA-4B1C-BC21-74040840B8EF}
	EndGlobalSection
EndGlobal
